
Microsoft Visual Studio Solution File, Format Version 12.00
# Visual Studio Version 16
VisualStudioVersion = 16.0.31112.23
MinimumVisualStudioVersion = 10.0.40219.1
Project("{FAE04EC0-301F-11D3-BF4B-00C04F79EFBC}") = "LectorExcelConciliacion", "LectorExcelConciliacion\LectorExcelConciliacion.csproj", "{F6B0F2B4-C6DD-49E0-8215-BA31E8FA9BA4}"
EndProject
Global
	GlobalSection(SolutionConfigurationPlatforms) = preSolution
		Debug|Any CPU = Debug|Any CPU
		Release|Any CPU = Release|Any CPU
	EndGlobalSection
	GlobalSection(ProjectConfigurationPlatforms) = postSolution
		{F6B0F2B4-C6DD-49E0-8215-BA31E8FA9BA4}.Debug|Any CPU.ActiveCfg = Debug|Any CPU
		{F6B0F2B4-C6DD-49E0-8215-BA31E8FA9BA4}.Debug|Any CPU.Build.0 = Debug|Any CPU
		{F6B0F2B4-C6DD-49E0-8215-BA31E8FA9BA4}.Release|Any CPU.ActiveCfg = Release|Any CPU
		{F6B0F2B4-C6DD-49E0-8215-BA31E8FA9BA4}.Release|Any CPU.Build.0 = Release|Any CPU
	EndGlobalSection
	GlobalSection(SolutionProperties) = preSolution
		HideSolutionNode = FALSE
	EndGlobalSection
	GlobalSection(ExtensibilityGlobals) = postSolution
		SolutionGuid = {B145D0EC-2AE9-4D73-A260-4A1C635D877B}
	EndGlobalSection
EndGlobal
